// !$*UTF8*$!
{
	archiveVersion = 1;
	classes = {
	};
	objectVersion = 51;
	objects = {

/* Begin PBXBuildFile section */
		031158A0698A2C9CDE1F42C3 /* Pods_GithubSearcher.framework in Frameworks */ = {isa = PBXBuildFile; fileRef = B4D735193810C63324D6CD2B /* Pods_GithubSearcher.framework */; };
		BC43C089248839E900BFD272 /* AppDelegate.swift in Sources */ = {isa = PBXBuildFile; fileRef = BC43C088248839E900BFD272 /* AppDelegate.swift */; };
		BC43C08B248839E900BFD272 /* SceneDelegate.swift in Sources */ = {isa = PBXBuildFile; fileRef = BC43C08A248839E900BFD272 /* SceneDelegate.swift */; };
		BC43C08D248839E900BFD272 /* GithubProfileSearchVC.swift in Sources */ = {isa = PBXBuildFile; fileRef = BC43C08C248839E900BFD272 /* GithubProfileSearchVC.swift */; };
		BC43C090248839E900BFD272 /* Main.storyboard in Resources */ = {isa = PBXBuildFile; fileRef = BC43C08E248839E900BFD272 /* Main.storyboard */; };
		BC43C092248839EE00BFD272 /* Assets.xcassets in Resources */ = {isa = PBXBuildFile; fileRef = BC43C091248839EE00BFD272 /* Assets.xcassets */; };
		BC43C095248839EE00BFD272 /* LaunchScreen.storyboard in Resources */ = {isa = PBXBuildFile; fileRef = BC43C093248839EE00BFD272 /* LaunchScreen.storyboard */; };
		BC479766248856A100B3EEF7 /* GithubProfileSearchViewModel.swift in Sources */ = {isa = PBXBuildFile; fileRef = BC479765248856A100B3EEF7 /* GithubProfileSearchViewModel.swift */; };
		BC4797682488843300B3EEF7 /* GithubUserCell.swift in Sources */ = {isa = PBXBuildFile; fileRef = BC4797672488843300B3EEF7 /* GithubUserCell.swift */; };
		BC4797B224896EC2009EA149 /* UserDetailsVC.swift in Sources */ = {isa = PBXBuildFile; fileRef = BC4797B124896EC2009EA149 /* UserDetailsVC.swift */; };
		BC4797B424897055009EA149 /* UserDetailsViewModel.swift in Sources */ = {isa = PBXBuildFile; fileRef = BC4797B324897055009EA149 /* UserDetailsViewModel.swift */; };
		BC4797B724897442009EA149 /* Repository.swift in Sources */ = {isa = PBXBuildFile; fileRef = BC4797B624897442009EA149 /* Repository.swift */; };
		BC4797B9248991C5009EA149 /* RepoCell.swift in Sources */ = {isa = PBXBuildFile; fileRef = BC4797B8248991C5009EA149 /* RepoCell.swift */; };
		BCF1ADAA24883E1A001C3EC3 /* GithubSearcherAPI.swift in Sources */ = {isa = PBXBuildFile; fileRef = BCF1ADA924883E1A001C3EC3 /* GithubSearcherAPI.swift */; };
		BCF1ADAC248840E6001C3EC3 /* User.swift in Sources */ = {isa = PBXBuildFile; fileRef = BCF1ADAB248840E6001C3EC3 /* User.swift */; };
/* End PBXBuildFile section */

/* Begin PBXFileReference section */
		1EC07609E9666D36E7D60A5D /* Pods-GithubSearcher.release.xcconfig */ = {isa = PBXFileReference; includeInIndex = 1; lastKnownFileType = text.xcconfig; name = "Pods-GithubSearcher.release.xcconfig"; path = "Target Support Files/Pods-GithubSearcher/Pods-GithubSearcher.release.xcconfig"; sourceTree = "<group>"; };
		4B6588BBD0861785DEC659BD /* Pods-GithubSearcher.debug.xcconfig */ = {isa = PBXFileReference; includeInIndex = 1; lastKnownFileType = text.xcconfig; name = "Pods-GithubSearcher.debug.xcconfig"; path = "Target Support Files/Pods-GithubSearcher/Pods-GithubSearcher.debug.xcconfig"; sourceTree = "<group>"; };
		B4D735193810C63324D6CD2B /* Pods_GithubSearcher.framework */ = {isa = PBXFileReference; explicitFileType = wrapper.framework; includeInIndex = 0; path = Pods_GithubSearcher.framework; sourceTree = BUILT_PRODUCTS_DIR; };
		BC43C085248839E900BFD272 /* GithubSearcher.app */ = {isa = PBXFileReference; explicitFileType = wrapper.application; includeInIndex = 0; path = GithubSearcher.app; sourceTree = BUILT_PRODUCTS_DIR; };
		BC43C088248839E900BFD272 /* AppDelegate.swift */ = {isa = PBXFileReference; lastKnownFileType = sourcecode.swift; path = AppDelegate.swift; sourceTree = "<group>"; };
		BC43C08A248839E900BFD272 /* SceneDelegate.swift */ = {isa = PBXFileReference; lastKnownFileType = sourcecode.swift; path = SceneDelegate.swift; sourceTree = "<group>"; };
		BC43C08C248839E900BFD272 /* GithubProfileSearchVC.swift */ = {isa = PBXFileReference; lastKnownFileType = sourcecode.swift; path = GithubProfileSearchVC.swift; sourceTree = "<group>"; };
		BC43C08F248839E900BFD272 /* Base */ = {isa = PBXFileReference; lastKnownFileType = file.storyboard; name = Base; path = Base.lproj/Main.storyboard; sourceTree = "<group>"; };
		BC43C091248839EE00BFD272 /* Assets.xcassets */ = {isa = PBXFileReference; lastKnownFileType = folder.assetcatalog; path = Assets.xcassets; sourceTree = "<group>"; };
		BC43C094248839EE00BFD272 /* Base */ = {isa = PBXFileReference; lastKnownFileType = file.storyboard; name = Base; path = Base.lproj/LaunchScreen.storyboard; sourceTree = "<group>"; };
		BC43C096248839EE00BFD272 /* Info.plist */ = {isa = PBXFileReference; lastKnownFileType = text.plist.xml; path = Info.plist; sourceTree = "<group>"; };
		BC479765248856A100B3EEF7 /* GithubProfileSearchViewModel.swift */ = {isa = PBXFileReference; lastKnownFileType = sourcecode.swift; path = GithubProfileSearchViewModel.swift; sourceTree = "<group>"; };
		BC4797672488843300B3EEF7 /* GithubUserCell.swift */ = {isa = PBXFileReference; lastKnownFileType = sourcecode.swift; path = GithubUserCell.swift; sourceTree = "<group>"; };
		BC4797B124896EC2009EA149 /* UserDetailsVC.swift */ = {isa = PBXFileReference; lastKnownFileType = sourcecode.swift; path = UserDetailsVC.swift; sourceTree = "<group>"; };
		BC4797B324897055009EA149 /* UserDetailsViewModel.swift */ = {isa = PBXFileReference; lastKnownFileType = sourcecode.swift; path = UserDetailsViewModel.swift; sourceTree = "<group>"; };
		BC4797B624897442009EA149 /* Repository.swift */ = {isa = PBXFileReference; lastKnownFileType = sourcecode.swift; path = Repository.swift; sourceTree = "<group>"; };
		BC4797B8248991C5009EA149 /* RepoCell.swift */ = {isa = PBXFileReference; lastKnownFileType = sourcecode.swift; path = RepoCell.swift; sourceTree = "<group>"; };
		BCF1ADA924883E1A001C3EC3 /* GithubSearcherAPI.swift */ = {isa = PBXFileReference; lastKnownFileType = sourcecode.swift; path = GithubSearcherAPI.swift; sourceTree = "<group>"; };
		BCF1ADAB248840E6001C3EC3 /* User.swift */ = {isa = PBXFileReference; lastKnownFileType = sourcecode.swift; path = User.swift; sourceTree = "<group>"; };
/* End PBXFileReference section */

/* Begin PBXFrameworksBuildPhase section */
		BC43C082248839E900BFD272 /* Frameworks */ = {
			isa = PBXFrameworksBuildPhase;
			buildActionMask = 2147483647;
			files = (
				031158A0698A2C9CDE1F42C3 /* Pods_GithubSearcher.framework in Frameworks */,
			);
			runOnlyForDeploymentPostprocessing = 0;
		};
/* End PBXFrameworksBuildPhase section */

/* Begin PBXGroup section */
		8524D52877A0A8A160ADE7B0 /* Pods */ = {
			isa = PBXGroup;
			children = (
				4B6588BBD0861785DEC659BD /* Pods-GithubSearcher.debug.xcconfig */,
				1EC07609E9666D36E7D60A5D /* Pods-GithubSearcher.release.xcconfig */,
			);
			path = Pods;
			sourceTree = "<group>";
		};
		BC43C07C248839E900BFD272 = {
			isa = PBXGroup;
			children = (
				BC43C087248839E900BFD272 /* GithubSearcher */,
				BC43C086248839E900BFD272 /* Products */,
				8524D52877A0A8A160ADE7B0 /* Pods */,
				CC6370BDD79AA5765988B000 /* Frameworks */,
			);
			sourceTree = "<group>";
		};
		BC43C086248839E900BFD272 /* Products */ = {
			isa = PBXGroup;
			children = (
				BC43C085248839E900BFD272 /* GithubSearcher.app */,
			);
			name = Products;
			sourceTree = "<group>";
		};
		BC43C087248839E900BFD272 /* GithubSearcher */ = {
			isa = PBXGroup;
			children = (
				BCF1ADA824883DD0001C3EC3 /* API */,
				BCF1ADA724883DC7001C3EC3 /* Models */,
				BCF1ADA624883DC3001C3EC3 /* Views */,
				BC4797642488565800B3EEF7 /* ViewModels */,
				BC43C088248839E900BFD272 /* AppDelegate.swift */,
				BC43C08A248839E900BFD272 /* SceneDelegate.swift */,
				BC43C08E248839E900BFD272 /* Main.storyboard */,
				BC43C091248839EE00BFD272 /* Assets.xcassets */,
				BC43C093248839EE00BFD272 /* LaunchScreen.storyboard */,
				BC43C096248839EE00BFD272 /* Info.plist */,
			);
			path = GithubSearcher;
			sourceTree = "<group>";
		};
		BC4797642488565800B3EEF7 /* ViewModels */ = {
			isa = PBXGroup;
			children = (
				BC479765248856A100B3EEF7 /* GithubProfileSearchViewModel.swift */,
				BC4797B324897055009EA149 /* UserDetailsViewModel.swift */,
			);
			path = ViewModels;
			sourceTree = "<group>";
		};
		BCF1ADA624883DC3001C3EC3 /* Views */ = {
			isa = PBXGroup;
			children = (
				BC43C08C248839E900BFD272 /* GithubProfileSearchVC.swift */,
				BC4797672488843300B3EEF7 /* GithubUserCell.swift */,
				BC4797B124896EC2009EA149 /* UserDetailsVC.swift */,
				BC4797B8248991C5009EA149 /* RepoCell.swift */,
			);
			path = Views;
			sourceTree = "<group>";
		};
		BCF1ADA724883DC7001C3EC3 /* Models */ = {
			isa = PBXGroup;
			children = (
				BCF1ADAB248840E6001C3EC3 /* User.swift */,
				BC4797B624897442009EA149 /* Repository.swift */,
			);
			path = Models;
			sourceTree = "<group>";
		};
		BCF1ADA824883DD0001C3EC3 /* API */ = {
			isa = PBXGroup;
			children = (
				BCF1ADA924883E1A001C3EC3 /* GithubSearcherAPI.swift */,
			);
			path = API;
			sourceTree = "<group>";
		};
		CC6370BDD79AA5765988B000 /* Frameworks */ = {
			isa = PBXGroup;
			children = (
				B4D735193810C63324D6CD2B /* Pods_GithubSearcher.framework */,
			);
			name = Frameworks;
			sourceTree = "<group>";
		};
/* End PBXGroup section */

/* Begin PBXNativeTarget section */
		BC43C084248839E900BFD272 /* GithubSearcher */ = {
			isa = PBXNativeTarget;
			buildConfigurationList = BC43C099248839EE00BFD272 /* Build configuration list for PBXNativeTarget "GithubSearcher" */;
			buildPhases = (
				BD285F4BCB2C8C6212AC63B2 /* [CP] Check Pods Manifest.lock */,
				BC43C081248839E900BFD272 /* Sources */,
				BC43C082248839E900BFD272 /* Frameworks */,
				BC43C083248839E900BFD272 /* Resources */,
				0BB3B3BA601F3795630414A0 /* [CP] Embed Pods Frameworks */,
			);
			buildRules = (
			);
			dependencies = (
			);
			name = GithubSearcher;
			productName = GithubSearcher;
			productReference = BC43C085248839E900BFD272 /* GithubSearcher.app */;
			productType = "com.apple.product-type.application";
		};
/* End PBXNativeTarget section */

/* Begin PBXProject section */
		BC43C07D248839E900BFD272 /* Project object */ = {
			isa = PBXProject;
			attributes = {
				LastSwiftUpdateCheck = 1140;
				LastUpgradeCheck = 1140;
				ORGANIZATIONNAME = "Christian Hipolito";
				TargetAttributes = {
					BC43C084248839E900BFD272 = {
						CreatedOnToolsVersion = 11.4.1;
					};
				};
			};
			buildConfigurationList = BC43C080248839E900BFD272 /* Build configuration list for PBXProject "GithubSearcher" */;
			compatibilityVersion = "Xcode 9.3";
			developmentRegion = en;
			hasScannedForEncodings = 0;
			knownRegions = (
				en,
				Base,
			);
			mainGroup = BC43C07C248839E900BFD272;
			productRefGroup = BC43C086248839E900BFD272 /* Products */;
			projectDirPath = "";
			projectRoot = "";
			targets = (
				BC43C084248839E900BFD272 /* GithubSearcher */,
			);
		};
/* End PBXProject section */

/* Begin PBXResourcesBuildPhase section */
		BC43C083248839E900BFD272 /* Resources */ = {
			isa = PBXResourcesBuildPhase;
			buildActionMask = 2147483647;
			files = (
				BC43C095248839EE00BFD272 /* LaunchScreen.storyboard in Resources */,
				BC43C092248839EE00BFD272 /* Assets.xcassets in Resources */,
				BC43C090248839E900BFD272 /* Main.storyboard in Resources */,
			);
			runOnlyForDeploymentPostprocessing = 0;
		};
/* End PBXResourcesBuildPhase section */

/* Begin PBXShellScriptBuildPhase section */
		0BB3B3BA601F3795630414A0 /* [CP] Embed Pods Frameworks */ = {
			isa = PBXShellScriptBuildPhase;
			buildActionMask = 2147483647;
			files = (
			);
			inputFileListPaths = (
				"${PODS_ROOT}/Target Support Files/Pods-GithubSearcher/Pods-GithubSearcher-frameworks-${CONFIGURATION}-input-files.xcfilelist",
			);
			name = "[CP] Embed Pods Frameworks";
			outputFileListPaths = (
				"${PODS_ROOT}/Target Support Files/Pods-GithubSearcher/Pods-GithubSearcher-frameworks-${CONFIGURATION}-output-files.xcfilelist",
			);
			runOnlyForDeploymentPostprocessing = 0;
			shellPath = /bin/sh;
			shellScript = "\"${PODS_ROOT}/Target Support Files/Pods-GithubSearcher/Pods-GithubSearcher-frameworks.sh\"\n";
			showEnvVarsInLog = 0;
		};
		BD285F4BCB2C8C6212AC63B2 /* [CP] Check Pods Manifest.lock */ = {
			isa = PBXShellScriptBuildPhase;
			buildActionMask = 2147483647;
			files = (
			);
			inputFileListPaths = (
			);
			inputPaths = (
				"${PODS_PODFILE_DIR_PATH}/Podfile.lock",
				"${PODS_ROOT}/Manifest.lock",
			);
			name = "[CP] Check Pods Manifest.lock";
			outputFileListPaths = (
			);
			outputPaths = (
				"$(DERIVED_FILE_DIR)/Pods-GithubSearcher-checkManifestLockResult.txt",
			);
			runOnlyForDeploymentPostprocessing = 0;
			shellPath = /bin/sh;
			shellScript = "diff \"${PODS_PODFILE_DIR_PATH}/Podfile.lock\" \"${PODS_ROOT}/Manifest.lock\" > /dev/null\nif [ $? != 0 ] ; then\n    # print error to STDERR\n    echo \"error: The sandbox is not in sync with the Podfile.lock. Run 'pod install' or update your CocoaPods installation.\" >&2\n    exit 1\nfi\n# This output is used by Xcode 'outputs' to avoid re-running this script phase.\necho \"SUCCESS\" > \"${SCRIPT_OUTPUT_FILE_0}\"\n";
			showEnvVarsInLog = 0;
		};
/* End PBXShellScriptBuildPhase section */

/* Begin PBXSourcesBuildPhase section */
		BC43C081248839E900BFD272 /* Sources */ = {
			isa = PBXSourcesBuildPhase;
			buildActionMask = 2147483647;
			files = (
				BCF1ADAA24883E1A001C3EC3 /* GithubSearcherAPI.swift in Sources */,
				BC43C08D248839E900BFD272 /* GithubProfileSearchVC.swift in Sources */,
				BC4797B424897055009EA149 /* UserDetailsViewModel.swift in Sources */,
				BC43C089248839E900BFD272 /* AppDelegate.swift in Sources */,
				BCF1ADAC248840E6001C3EC3 /* User.swift in Sources */,
				BC4797B224896EC2009EA149 /* UserDetailsVC.swift in Sources */,
				BC43C08B248839E900BFD272 /* SceneDelegate.swift in Sources */,
				BC4797B724897442009EA149 /* Repository.swift in Sources */,
				BC4797682488843300B3EEF7 /* GithubUserCell.swift in Sources */,
				BC4797B9248991C5009EA149 /* RepoCell.swift in Sources */,
				BC479766248856A100B3EEF7 /* GithubProfileSearchViewModel.swift in Sources */,
			);
			runOnlyForDeploymentPostprocessing = 0;
		};
/* End PBXSourcesBuildPhase section */

/* Begin PBXVariantGroup section */
		BC43C08E248839E900BFD272 /* Main.storyboard */ = {
			isa = PBXVariantGroup;
			children = (
				BC43C08F248839E900BFD272 /* Base */,
			);
			name = Main.storyboard;
			sourceTree = "<group>";
		};
		BC43C093248839EE00BFD272 /* LaunchScreen.storyboard */ = {
			isa = PBXVariantGroup;
			children = (
				BC43C094248839EE00BFD272 /* Base */,
			);
			name = LaunchScreen.storyboard;
			sourceTree = "<group>";
		};
/* End PBXVariantGroup section */

/* Begin XCBuildConfiguration section */
		BC43C097248839EE00BFD272 /* Debug */ = {
			isa = XCBuildConfiguration;
			buildSettings = {
				ALWAYS_SEARCH_USER_PATHS = NO;
				CLANG_ANALYZER_NONNULL = YES;
				CLANG_ANALYZER_NUMBER_OBJECT_CONVERSION = YES_AGGRESSIVE;
				CLANG_CXX_LANGUAGE_STANDARD = "gnu++14";
				CLANG_CXX_LIBRARY = "libc++";
				CLANG_ENABLE_MODULES = YES;
				CLANG_ENABLE_OBJC_ARC = YES;
				CLANG_ENABLE_OBJC_WEAK = YES;
				CLANG_WARN_BLOCK_CAPTURE_AUTORELEASING = YES;
				CLANG_WARN_BOOL_CONVERSION = YES;
				CLANG_WARN_COMMA = YES;
				CLANG_WARN_CONSTANT_CONVERSION = YES;
				CLANG_WARN_DEPRECATED_OBJC_IMPLEMENTATIONS = YES;
				CLANG_WARN_DIRECT_OBJC_ISA_USAGE = YES_ERROR;
				CLANG_WARN_DOCUMENTATION_COMMENTS = YES;
				CLANG_WARN_EMPTY_BODY = YES;
				CLANG_WARN_ENUM_CONVERSION = YES;
				CLANG_WARN_INFINITE_RECURSION = YES;
				CLANG_WARN_INT_CONVERSION = YES;
				CLANG_WARN_NON_LITERAL_NULL_CONVERSION = YES;
				CLANG_WARN_OBJC_IMPLICIT_RETAIN_SELF = YES;
				CLANG_WARN_OBJC_LITERAL_CONVERSION = YES;
				CLANG_WARN_OBJC_ROOT_CLASS = YES_ERROR;
				CLANG_WARN_RANGE_LOOP_ANALYSIS = YES;
				CLANG_WARN_STRICT_PROTOTYPES = YES;
				CLANG_WARN_SUSPICIOUS_MOVE = YES;
				CLANG_WARN_UNGUARDED_AVAILABILITY = YES_AGGRESSIVE;
				CLANG_WARN_UNREACHABLE_CODE = YES;
				CLANG_WARN__DUPLICATE_METHOD_MATCH = YES;
				COPY_PHASE_STRIP = NO;
				DEBUG_INFORMATION_FORMAT = dwarf;
				ENABLE_STRICT_OBJC_MSGSEND = YES;
				ENABLE_TESTABILITY = YES;
				GCC_C_LANGUAGE_STANDARD = gnu11;
				GCC_DYNAMIC_NO_PIC = NO;
				GCC_NO_COMMON_BLOCKS = YES;
				GCC_OPTIMIZATION_LEVEL = 0;
				GCC_PREPROCESSOR_DEFINITIONS = (
					"DEBUG=1",
					"$(inherited)",
				);
				GCC_WARN_64_TO_32_BIT_CONVERSION = YES;
				GCC_WARN_ABOUT_RETURN_TYPE = YES_ERROR;
				GCC_WARN_UNDECLARED_SELECTOR = YES;
				GCC_WARN_UNINITIALIZED_AUTOS = YES_AGGRESSIVE;
				GCC_WARN_UNUSED_FUNCTION = YES;
				GCC_WARN_UNUSED_VARIABLE = YES;
				IPHONEOS_DEPLOYMENT_TARGET = 13.4;
				MTL_ENABLE_DEBUG_INFO = INCLUDE_SOURCE;
				MTL_FAST_MATH = YES;
				ONLY_ACTIVE_ARCH = YES;
				SDKROOT = iphoneos;
				SWIFT_ACTIVE_COMPILATION_CONDITIONS = DEBUG;
				SWIFT_OPTIMIZATION_LEVEL = "-Onone";
			};
			name = Debug;
		};
		BC43C098248839EE00BFD272 /* Release */ = {
			isa = XCBuildConfiguration;
			buildSettings = {
				ALWAYS_SEARCH_USER_PATHS = NO;
				CLANG_ANALYZER_NONNULL = YES;
				CLANG_ANALYZER_NUMBER_OBJECT_CONVERSION = YES_AGGRESSIVE;
				CLANG_CXX_LANGUAGE_STANDARD = "gnu++14";
				CLANG_CXX_LIBRARY = "libc++";
				CLANG_ENABLE_MODULES = YES;
				CLANG_ENABLE_OBJC_ARC = YES;
				CLANG_ENABLE_OBJC_WEAK = YES;
				CLANG_WARN_BLOCK_CAPTURE_AUTORELEASING = YES;
				CLANG_WARN_BOOL_CONVERSION = YES;
				CLANG_WARN_COMMA = YES;
				CLANG_WARN_CONSTANT_CONVERSION = YES;
				CLANG_WARN_DEPRECATED_OBJC_IMPLEMENTATIONS = YES;
				CLANG_WARN_DIRECT_OBJC_ISA_USAGE = YES_ERROR;
				CLANG_WARN_DOCUMENTATION_COMMENTS = YES;
				CLANG_WARN_EMPTY_BODY = YES;
				CLANG_WARN_ENUM_CONVERSION = YES;
				CLANG_WARN_INFINITE_RECURSION = YES;
				CLANG_WARN_INT_CONVERSION = YES;
				CLANG_WARN_NON_LITERAL_NULL_CONVERSION = YES;
				CLANG_WARN_OBJC_IMPLICIT_RETAIN_SELF = YES;
				CLANG_WARN_OBJC_LITERAL_CONVERSION = YES;
				CLANG_WARN_OBJC_ROOT_CLASS = YES_ERROR;
				CLANG_WARN_RANGE_LOOP_ANALYSIS = YES;
				CLANG_WARN_STRICT_PROTOTYPES = YES;
				CLANG_WARN_SUSPICIOUS_MOVE = YES;
				CLANG_WARN_UNGUARDED_AVAILABILITY = YES_AGGRESSIVE;
				CLANG_WARN_UNREACHABLE_CODE = YES;
				CLANG_WARN__DUPLICATE_METHOD_MATCH = YES;
				COPY_PHASE_STRIP = NO;
				DEBUG_INFORMATION_FORMAT = "dwarf-with-dsym";
				ENABLE_NS_ASSERTIONS = NO;
				ENABLE_STRICT_OBJC_MSGSEND = YES;
				GCC_C_LANGUAGE_STANDARD = gnu11;
				GCC_NO_COMMON_BLOCKS = YES;
				GCC_WARN_64_TO_32_BIT_CONVERSION = YES;
				GCC_WARN_ABOUT_RETURN_TYPE = YES_ERROR;
				GCC_WARN_UNDECLARED_SELECTOR = YES;
				GCC_WARN_UNINITIALIZED_AUTOS = YES_AGGRESSIVE;
				GCC_WARN_UNUSED_FUNCTION = YES;
				GCC_WARN_UNUSED_VARIABLE = YES;
				IPHONEOS_DEPLOYMENT_TARGET = 13.4;
				MTL_ENABLE_DEBUG_INFO = NO;
				MTL_FAST_MATH = YES;
				SDKROOT = iphoneos;
				SWIFT_COMPILATION_MODE = wholemodule;
				SWIFT_OPTIMIZATION_LEVEL = "-O";
				VALIDATE_PRODUCT = YES;
			};
			name = Release;
		};
		BC43C09A248839EE00BFD272 /* Debug */ = {
			isa = XCBuildConfiguration;
			baseConfigurationReference = 4B6588BBD0861785DEC659BD /* Pods-GithubSearcher.debug.xcconfig */;
			buildSettings = {
				ASSETCATALOG_COMPILER_APPICON_NAME = AppIcon;
				CODE_SIGN_STYLE = Automatic;
				DEVELOPMENT_TEAM = 39M589784M;
				INFOPLIST_FILE = GithubSearcher/Info.plist;
				LD_RUNPATH_SEARCH_PATHS = (
					"$(inherited)",
					"@executable_path/Frameworks",
				);
				PRODUCT_BUNDLE_IDENTIFIER = com.christianPresi.GithubSearcher;
				PRODUCT_NAME = "$(TARGET_NAME)";
				SWIFT_VERSION = 5.0;
				TARGETED_DEVICE_FAMILY = "1,2";
			};
			name = Debug;
		};
		BC43C09B248839EE00BFD272 /* Release */ = {
			isa = XCBuildConfiguration;
			baseConfigurationReference = 1EC07609E9666D36E7D60A5D /* Pods-GithubSearcher.release.xcconfig */;
			buildSettings = {
				ASSETCATALOG_COMPILER_APPICON_NAME = AppIcon;
				CODE_SIGN_STYLE = Automatic;
				DEVELOPMENT_TEAM = 39M589784M;
				INFOPLIST_FILE = GithubSearcher/Info.plist;
				LD_RUNPATH_SEARCH_PATHS = (
					"$(inherited)",
					"@executable_path/Frameworks",
				);
				PRODUCT_BUNDLE_IDENTIFIER = com.christianPresi.GithubSearcher;
				PRODUCT_NAME = "$(TARGET_NAME)";
				SWIFT_VERSION = 5.0;
				TARGETED_DEVICE_FAMILY = "1,2";
			};
			name = Release;
		};
/* End XCBuildConfiguration section */

/* Begin XCConfigurationList section */
		BC43C080248839E900BFD272 /* Build configuration list for PBXProject "GithubSearcher" */ = {
			isa = XCConfigurationList;
			buildConfigurations = (
				BC43C097248839EE00BFD272 /* Debug */,
				BC43C098248839EE00BFD272 /* Release */,
			);
			defaultConfigurationIsVisible = 0;
			defaultConfigurationName = Release;
		};
		BC43C099248839EE00BFD272 /* Build configuration list for PBXNativeTarget "GithubSearcher" */ = {
			isa = XCConfigurationList;
			buildConfigurations = (
				BC43C09A248839EE00BFD272 /* Debug */,
				BC43C09B248839EE00BFD272 /* Release */,
			);
			defaultConfigurationIsVisible = 0;
			defaultConfigurationName = Release;
		};
/* End XCConfigurationList section */
	};
	rootObject = BC43C07D248839E900BFD272 /* Project object */;
}
